<Solution>
  <Configurations>
    <Platform Name="Any CPU" />
    <Platform Name="x64" />
    <Platform Name="x86" />
  </Configurations>
  <Folder Name="/Solituon Items/">
    <File Path="README.md" />
  </Folder>
  <Folder Name="/src/">
    <Project Path="src/Domain/Domain.csproj" />
    <Project Path="src/DomainKernel/Domain.Kernel.csproj" />
    <Project Path="src/FeatureWithMediatR/FeatureWithMediatR.csproj" />
    <Project Path="src/FeatureWithoutMediatR/FeatureWithoutMediatR.csproj" />
    <Project Path="src/Infrastructure/Infrastructure.csproj" />
    <Project Path="src/Shared/Shared.csproj" />
    <Project Path="src/Web.Api/Web.Api.csproj" />
  </Folder>
  <Folder Name="/tests/">
    <Project Path="tests/Tests.csproj" />
  </Folder>
</Solution>
